// !$*UTF8*$!
{
	archiveVersion = 1;
	classes = {
	};
	objectVersion = 46;
	objects = {

/* Begin PBXBuildFile section */
		F4A5068B1D33A61800F69D7A /* AppDelegate.swift in Sources */ = {isa = PBXBuildFile; fileRef = F4A5068A1D33A61800F69D7A /* AppDelegate.swift */; };
		F4A5068D1D33A61800F69D7A /* ViewController.swift in Sources */ = {isa = PBXBuildFile; fileRef = F4A5068C1D33A61800F69D7A /* ViewController.swift */; };
		F4A506901D33A61800F69D7A /* Main.storyboard in Resources */ = {isa = PBXBuildFile; fileRef = F4A5068E1D33A61800F69D7A /* Main.storyboard */; };
		F4A506921D33A61800F69D7A /* Assets.xcassets in Resources */ = {isa = PBXBuildFile; fileRef = F4A506911D33A61800F69D7A /* Assets.xcassets */; };
		F4A506951D33A61800F69D7A /* LaunchScreen.storyboard in Resources */ = {isa = PBXBuildFile; fileRef = F4A506931D33A61800F69D7A /* LaunchScreen.storyboard */; };
		F4A5069D1D33B3BD00F69D7A /* Minecraft.ttf in Resources */ = {isa = PBXBuildFile; fileRef = F4A5069C1D33B3BD00F69D7A /* Minecraft.ttf */; };
		F4A5069F1D358C4100F69D7A /* btn.wav in Resources */ = {isa = PBXBuildFile; fileRef = F4A5069E1D358C4100F69D7A /* btn.wav */; };
/* End PBXBuildFile section */

/* Begin PBXFileReference section */
		F4A506871D33A61800F69D7A /* RetroCalculator.app */ = {isa = PBXFileReference; explicitFileType = wrapper.application; includeInIndex = 0; path = RetroCalculator.app; sourceTree = BUILT_PRODUCTS_DIR; };
		F4A5068A1D33A61800F69D7A /* AppDelegate.swift */ = {isa = PBXFileReference; lastKnownFileType = sourcecode.swift; path = AppDelegate.swift; sourceTree = "<group>"; };
		F4A5068C1D33A61800F69D7A /* ViewController.swift */ = {isa = PBXFileReference; lastKnownFileType = sourcecode.swift; path = ViewController.swift; sourceTree = "<group>"; };
		F4A5068F1D33A61800F69D7A /* Base */ = {isa = PBXFileReference; lastKnownFileType = file.storyboard; name = Base; path = Base.lproj/Main.storyboard; sourceTree = "<group>"; };
		F4A506911D33A61800F69D7A /* Assets.xcassets */ = {isa = PBXFileReference; lastKnownFileType = folder.assetcatalog; path = Assets.xcassets; sourceTree = "<group>"; };
		F4A506941D33A61800F69D7A /* Base */ = {isa = PBXFileReference; lastKnownFileType = file.storyboard; name = Base; path = Base.lproj/LaunchScreen.storyboard; sourceTree = "<group>"; };
		F4A506961D33A61800F69D7A /* Info.plist */ = {isa = PBXFileReference; lastKnownFileType = text.plist.xml; path = Info.plist; sourceTree = "<group>"; };
		F4A5069C1D33B3BD00F69D7A /* Minecraft.ttf */ = {isa = PBXFileReference; lastKnownFileType = file; path = Minecraft.ttf; sourceTree = "<group>"; };
		F4A5069E1D358C4100F69D7A /* btn.wav */ = {isa = PBXFileReference; lastKnownFileType = audio.wav; path = btn.wav; sourceTree = "<group>"; };
/* End PBXFileReference section */

/* Begin PBXFrameworksBuildPhase section */
		F4A506841D33A61800F69D7A /* Frameworks */ = {
			isa = PBXFrameworksBuildPhase;
			buildActionMask = 2147483647;
			files = (
			);
			runOnlyForDeploymentPostprocessing = 0;
		};
/* End PBXFrameworksBuildPhase section */

/* Begin PBXGroup section */
		F4A5067E1D33A61800F69D7A = {
			isa = PBXGroup;
			children = (
				F4A506891D33A61800F69D7A /* RetroCalculator */,
				F4A506881D33A61800F69D7A /* Products */,
			);
			sourceTree = "<group>";
		};
		F4A506881D33A61800F69D7A /* Products */ = {
			isa = PBXGroup;
			children = (
				F4A506871D33A61800F69D7A /* RetroCalculator.app */,
			);
			name = Products;
			sourceTree = "<group>";
		};
		F4A506891D33A61800F69D7A /* RetroCalculator */ = {
			isa = PBXGroup;
			children = (
				F4A5069C1D33B3BD00F69D7A /* Minecraft.ttf */,
				F4A5069E1D358C4100F69D7A /* btn.wav */,
				F4A5068A1D33A61800F69D7A /* AppDelegate.swift */,
				F4A5068C1D33A61800F69D7A /* ViewController.swift */,
				F4A5068E1D33A61800F69D7A /* Main.storyboard */,
				F4A506911D33A61800F69D7A /* Assets.xcassets */,
				F4A506931D33A61800F69D7A /* LaunchScreen.storyboard */,
				F4A506961D33A61800F69D7A /* Info.plist */,
			);
			path = RetroCalculator;
			sourceTree = "<group>";
		};
/* End PBXGroup section */

/* Begin PBXNativeTarget section */
		F4A506861D33A61800F69D7A /* RetroCalculator */ = {
			isa = PBXNativeTarget;
			buildConfigurationList = F4A506991D33A61800F69D7A /* Build configuration list for PBXNativeTarget "RetroCalculator" */;
			buildPhases = (
				F4A506831D33A61800F69D7A /* Sources */,
				F4A506841D33A61800F69D7A /* Frameworks */,
				F4A506851D33A61800F69D7A /* Resources */,
			);
			buildRules = (
			);
			dependencies = (
			);
			name = RetroCalculator;
			productName = RetroCalculator;
			productReference = F4A506871D33A61800F69D7A /* RetroCalculator.app */;
			productType = "com.apple.product-type.application";
		};
/* End PBXNativeTarget section */

/* Begin PBXProject section */
		F4A5067F1D33A61800F69D7A /* Project object */ = {
			isa = PBXProject;
			attributes = {
				LastSwiftUpdateCheck = 0730;
				LastUpgradeCheck = 0730;
				ORGANIZATIONNAME = "Andriy Herasymenko";
				TargetAttributes = {
					F4A506861D33A61800F69D7A = {
						CreatedOnToolsVersion = 7.3.1;
					};
				};
			};
			buildConfigurationList = F4A506821D33A61800F69D7A /* Build configuration list for PBXProject "RetroCalculator" */;
			compatibilityVersion = "Xcode 3.2";
			developmentRegion = English;
			hasScannedForEncodings = 0;
			knownRegions = (
				en,
				Base,
			);
			mainGroup = F4A5067E1D33A61800F69D7A;
			productRefGroup = F4A506881D33A61800F69D7A /* Products */;
			projectDirPath = "";
			projectRoot = "";
			targets = (
				F4A506861D33A61800F69D7A /* RetroCalculator */,
			);
		};
/* End PBXProject section */

/* Begin PBXResourcesBuildPhase section */
		F4A506851D33A61800F69D7A /* Resources */ = {
			isa = PBXResourcesBuildPhase;
			buildActionMask = 2147483647;
			files = (
				F4A5069F1D358C4100F69D7A /* btn.wav in Resources */,
				F4A506951D33A61800F69D7A /* LaunchScreen.storyboard in Resources */,
				F4A506921D33A61800F69D7A /* Assets.xcassets in Resources */,
				F4A5069D1D33B3BD00F69D7A /* Minecraft.ttf in Resources */,
				F4A506901D33A61800F69D7A /* Main.storyboard in Resources */,
			);
			runOnlyForDeploymentPostprocessing = 0;
		};
/* End PBXResourcesBuildPhase section */

/* Begin PBXSourcesBuildPhase section */
		F4A506831D33A61800F69D7A /* Sources */ = {
			isa = PBXSourcesBuildPhase;
			buildActionMask = 2147483647;
			files = (
				F4A5068D1D33A61800F69D7A /* ViewController.swift in Sources */,
				F4A5068B1D33A61800F69D7A /* AppDelegate.swift in Sources */,
			);
			runOnlyForDeploymentPostprocessing = 0;
		};
/* End PBXSourcesBuildPhase section */

/* Begin PBXVariantGroup section */
		F4A5068E1D33A61800F69D7A /* Main.storyboard */ = {
			isa = PBXVariantGroup;
			children = (
				F4A5068F1D33A61800F69D7A /* Base */,
			);
			name = Main.storyboard;
			sourceTree = "<group>";
		};
		F4A506931D33A61800F69D7A /* LaunchScreen.storyboard */ = {
			isa = PBXVariantGroup;
			children = (
				F4A506941D33A61800F69D7A /* Base */,
			);
			name = LaunchScreen.storyboard;
			sourceTree = "<group>";
		};
/* End PBXVariantGroup section */

/* Begin XCBuildConfiguration section */
		F4A506971D33A61800F69D7A /* Debug */ = {
			isa = XCBuildConfiguration;
			buildSettings = {
				ALWAYS_SEARCH_USER_PATHS = NO;
				CLANG_ANALYZER_NONNULL = YES;
				CLANG_CXX_LANGUAGE_STANDARD = "gnu++0x";
				CLANG_CXX_LIBRARY = "libc++";
				CLANG_ENABLE_MODULES = YES;
				CLANG_ENABLE_OBJC_ARC = YES;
				CLANG_WARN_BOOL_CONVERSION = YES;
				CLANG_WARN_CONSTANT_CONVERSION = YES;
				CLANG_WARN_DIRECT_OBJC_ISA_USAGE = YES_ERROR;
				CLANG_WARN_EMPTY_BODY = YES;
				CLANG_WARN_ENUM_CONVERSION = YES;
				CLANG_WARN_INT_CONVERSION = YES;
				CLANG_WARN_OBJC_ROOT_CLASS = YES_ERROR;
				CLANG_WARN_UNREACHABLE_CODE = YES;
				CLANG_WARN__DUPLICATE_METHOD_MATCH = YES;
				"CODE_SIGN_IDENTITY[sdk=iphoneos*]" = "iPhone Developer";
				COPY_PHASE_STRIP = NO;
				DEBUG_INFORMATION_FORMAT = dwarf;
				ENABLE_STRICT_OBJC_MSGSEND = YES;
				ENABLE_TESTABILITY = YES;
				GCC_C_LANGUAGE_STANDARD = gnu99;
				GCC_DYNAMIC_NO_PIC = NO;
				GCC_NO_COMMON_BLOCKS = YES;
				GCC_OPTIMIZATION_LEVEL = 0;
				GCC_PREPROCESSOR_DEFINITIONS = (
					"DEBUG=1",
					"$(inherited)",
				);
				GCC_WARN_64_TO_32_BIT_CONVERSION = YES;
				GCC_WARN_ABOUT_RETURN_TYPE = YES_ERROR;
				GCC_WARN_UNDECLARED_SELECTOR = YES;
				GCC_WARN_UNINITIALIZED_AUTOS = YES_AGGRESSIVE;
				GCC_WARN_UNUSED_FUNCTION = YES;
				GCC_WARN_UNUSED_VARIABLE = YES;
				IPHONEOS_DEPLOYMENT_TARGET = 9.3;
				MTL_ENABLE_DEBUG_INFO = YES;
				ONLY_ACTIVE_ARCH = YES;
				SDKROOT = iphoneos;
				SWIFT_OPTIMIZATION_LEVEL = "-Onone";
			};
			name = Debug;
		};
		F4A506981D33A61800F69D7A /* Release */ = {
			isa = XCBuildConfiguration;
			buildSettings = {
				ALWAYS_SEARCH_USER_PATHS = NO;
				CLANG_ANALYZER_NONNULL = YES;
				CLANG_CXX_LANGUAGE_STANDARD = "gnu++0x";
				CLANG_CXX_LIBRARY = "libc++";
				CLANG_ENABLE_MODULES = YES;
				CLANG_ENABLE_OBJC_ARC = YES;
				CLANG_WARN_BOOL_CONVERSION = YES;
				CLANG_WARN_CONSTANT_CONVERSION = YES;
				CLANG_WARN_DIRECT_OBJC_ISA_USAGE = YES_ERROR;
				CLANG_WARN_EMPTY_BODY = YES;
				CLANG_WARN_ENUM_CONVERSION = YES;
				CLANG_WARN_INT_CONVERSION = YES;
				CLANG_WARN_OBJC_ROOT_CLASS = YES_ERROR;
				CLANG_WARN_UNREACHABLE_CODE = YES;
				CLANG_WARN__DUPLICATE_METHOD_MATCH = YES;
				"CODE_SIGN_IDENTITY[sdk=iphoneos*]" = "iPhone Developer";
				COPY_PHASE_STRIP = NO;
				DEBUG_INFORMATION_FORMAT = "dwarf-with-dsym";
				ENABLE_NS_ASSERTIONS = NO;
				ENABLE_STRICT_OBJC_MSGSEND = YES;
				GCC_C_LANGUAGE_STANDARD = gnu99;
				GCC_NO_COMMON_BLOCKS = YES;
				GCC_WARN_64_TO_32_BIT_CONVERSION = YES;
				GCC_WARN_ABOUT_RETURN_TYPE = YES_ERROR;
				GCC_WARN_UNDECLARED_SELECTOR = YES;
				GCC_WARN_UNINITIALIZED_AUTOS = YES_AGGRESSIVE;
				GCC_WARN_UNUSED_FUNCTION = YES;
				GCC_WARN_UNUSED_VARIABLE = YES;
				IPHONEOS_DEPLOYMENT_TARGET = 9.3;
				MTL_ENABLE_DEBUG_INFO = NO;
				SDKROOT = iphoneos;
				VALIDATE_PRODUCT = YES;
			};
			name = Release;
		};
		F4A5069A1D33A61800F69D7A /* Debug */ = {
			isa = XCBuildConfiguration;
			buildSettings = {
				ASSETCATALOG_COMPILER_APPICON_NAME = AppIcon;
				INFOPLIST_FILE = RetroCalculator/Info.plist;
				LD_RUNPATH_SEARCH_PATHS = "$(inherited) @executable_path/Frameworks";
				PRODUCT_BUNDLE_IDENTIFIER = com.andriy.herasymenko.RetroCalculator;
				PRODUCT_NAME = "$(TARGET_NAME)";
			};
			name = Debug;
		};
		F4A5069B1D33A61800F69D7A /* Release */ = {
			isa = XCBuildConfiguration;
			buildSettings = {
				ASSETCATALOG_COMPILER_APPICON_NAME = AppIcon;
				INFOPLIST_FILE = RetroCalculator/Info.plist;
				LD_RUNPATH_SEARCH_PATHS = "$(inherited) @executable_path/Frameworks";
				PRODUCT_BUNDLE_IDENTIFIER = com.andriy.herasymenko.RetroCalculator;
				PRODUCT_NAME = "$(TARGET_NAME)";
			};
			name = Release;
		};
/* End XCBuildConfiguration section */

/* Begin XCConfigurationList section */
		F4A506821D33A61800F69D7A /* Build configuration list for PBXProject "RetroCalculator" */ = {
			isa = XCConfigurationList;
			buildConfigurations = (
				F4A506971D33A61800F69D7A /* Debug */,
				F4A506981D33A61800F69D7A /* Release */,
			);
			defaultConfigurationIsVisible = 0;
			defaultConfigurationName = Release;
		};
		F4A506991D33A61800F69D7A /* Build configuration list for PBXNativeTarget "RetroCalculator" */ = {
			isa = XCConfigurationList;
			buildConfigurations = (
				F4A5069A1D33A61800F69D7A /* Debug */,
				F4A5069B1D33A61800F69D7A /* Release */,
			);
			defaultConfigurationIsVisible = 0;
		};
/* End XCConfigurationList section */
	};
	rootObject = F4A5067F1D33A61800F69D7A /* Project object */;
}
